// !$*UTF8*$!
{
	archiveVersion = 1;
	classes = {
	};
	objectVersion = 46;
	objects = {

/* Begin PBXBuildFile section */
		1D60589B0D05DD56006BFB54 /* main.m in Sources */ = {isa = PBXBuildFile; fileRef = 29B97316FDCFA39411CA2CEA /* main.m */; };
		28AD733F0D9D9553002E5188 /* MainWindow.xib in Resources */ = {isa = PBXBuildFile; fileRef = 28AD733E0D9D9553002E5188 /* MainWindow.xib */; };
		AF1CCC081621F7A500ECF03E /* AnimatedMeshEntity.cpp in Sources */ = {isa = PBXBuildFile; fileRef = AF1CCBFC1621F7A500ECF03E /* AnimatedMeshEntity.cpp */; };
		AF1CCC091621F7A500ECF03E /* CameraEntity.cpp in Sources */ = {isa = PBXBuildFile; fileRef = AF1CCBFE1621F7A500ECF03E /* CameraEntity.cpp */; };
		AF1CCC101621F7CA00ECF03E /* Tutorial.cpp in Sources */ = {isa = PBXBuildFile; fileRef = AF1CCC0E1621F7C500ECF03E /* Tutorial.cpp */; };
		AF5D839512C29CB200E6E5E2 /* Foundation.framework in Frameworks */ = {isa = PBXBuildFile; fileRef = AF5D839412C29CB200E6E5E2 /* Foundation.framework */; };
		AF5D839712C29CB200E6E5E2 /* OpenGLES.framework in Frameworks */ = {isa = PBXBuildFile; fileRef = AF5D839612C29CB200E6E5E2 /* OpenGLES.framework */; };
		AF5D839912C29CB200E6E5E2 /* UIKit.framework in Frameworks */ = {isa = PBXBuildFile; fileRef = AF5D839812C29CB200E6E5E2 /* UIKit.framework */; };
		AF6C77C31616821D00D9E107 /* vvisionAppDelegate.mm in Sources */ = {isa = PBXBuildFile; fileRef = AF6C77BF1616821D00D9E107 /* vvisionAppDelegate.mm */; };
		AF6C77C41616821D00D9E107 /* vvisionViewController.mm in Sources */ = {isa = PBXBuildFile; fileRef = AF6C77C11616821D00D9E107 /* vvisionViewController.mm */; };
		AF6C77C51616821D00D9E107 /* vvisionViewController.xib in Resources */ = {isa = PBXBuildFile; fileRef = AF6C77C21616821D00D9E107 /* vvisionViewController.xib */; };
		AF6C7872161688BF00D9E107 /* QuartzCore.framework in Frameworks */ = {isa = PBXBuildFile; fileRef = AF5D838412C29C5F00E6E5E2 /* QuartzCore.framework */; };
		AF6C7873161688D400D9E107 /* CoreGraphics.framework in Frameworks */ = {isa = PBXBuildFile; fileRef = AF5D838E12C29CB200E6E5E2 /* CoreGraphics.framework */; };
		AF6C7875161689C000D9E107 /* icon.png in Resources */ = {isa = PBXBuildFile; fileRef = AF6C7874161689C000D9E107 /* icon.png */; };
		AF900E9C16222007000ECD36 /* GPUManager.mm in Sources */ = {isa = PBXBuildFile; fileRef = AF900E9B16222007000ECD36 /* GPUManager.mm */; };
		AFA7BCBC1623DF8E00E26F6A /* aiColor4D.inl in Resources */ = {isa = PBXBuildFile; fileRef = AFA7BC661623DF8E00E26F6A /* aiColor4D.inl */; };
		AFA7BCBD1623DF8E00E26F6A /* aiMaterial.inl in Resources */ = {isa = PBXBuildFile; fileRef = AFA7BC6C1623DF8E00E26F6A /* aiMaterial.inl */; };
		AFA7BCBE1623DF8E00E26F6A /* aiMatrix3x3.inl in Resources */ = {isa = PBXBuildFile; fileRef = AFA7BC6E1623DF8E00E26F6A /* aiMatrix3x3.inl */; };
		AFA7BCBF1623DF8E00E26F6A /* aiMatrix4x4.inl in Resources */ = {isa = PBXBuildFile; fileRef = AFA7BC701623DF8E00E26F6A /* aiMatrix4x4.inl */; };
		AFA7BCC01623DF8E00E26F6A /* aiVector3D.inl in Resources */ = {isa = PBXBuildFile; fileRef = AFA7BC791623DF8E00E26F6A /* aiVector3D.inl */; };
		AFA7BCC11623DF8E00E26F6A /* libassimp.a in Frameworks */ = {isa = PBXBuildFile; fileRef = AFA7BC8B1623DF8E00E26F6A /* libassimp.a */; };
		AFA7BCC21623DF8E00E26F6A /* libassimpi386.a in Frameworks */ = {isa = PBXBuildFile; fileRef = AFA7BC8D1623DF8E00E26F6A /* libassimpi386.a */; };
		AFA7BCC31623DF8E00E26F6A /* EAGLView.m in Sources */ = {isa = PBXBuildFile; fileRef = AFA7BC901623DF8E00E26F6A /* EAGLView.m */; };
		AFA7BCC41623DF8E00E26F6A /* vmath.cpp in Sources */ = {isa = PBXBuildFile; fileRef = AFA7BC931623DF8E00E26F6A /* vmath.cpp */; };
		AFA7BCC51623DF8E00E26F6A /* AssimpAnimEvaluator.cpp in Sources */ = {isa = PBXBuildFile; fileRef = AFA7BC971623DF8E00E26F6A /* AssimpAnimEvaluator.cpp */; };
		AFA7BCC61623DF8E00E26F6A /* AssimpSceneAnimator.cpp in Sources */ = {isa = PBXBuildFile; fileRef = AFA7BC991623DF8E00E26F6A /* AssimpSceneAnimator.cpp */; };
		AFA7BCC71623DF8E00E26F6A /* AssimpMesh.cpp in Sources */ = {isa = PBXBuildFile; fileRef = AFA7BC9B1623DF8E00E26F6A /* AssimpMesh.cpp */; };
		AFA7BCC81623DF8E00E26F6A /* Mesh.cpp in Sources */ = {isa = PBXBuildFile; fileRef = AFA7BC9D1623DF8E00E26F6A /* Mesh.cpp */; };
		AFA7BCC91623DF8E00E26F6A /* FrameBufferObject.cpp in Sources */ = {isa = PBXBuildFile; fileRef = AFA7BCA01623DF8E00E26F6A /* FrameBufferObject.cpp */; };
		AFA7BCCA1623DF8E00E26F6A /* MeshBuffer.cpp in Sources */ = {isa = PBXBuildFile; fileRef = AFA7BCA31623DF8E00E26F6A /* MeshBuffer.cpp */; };
		AFA7BCCB1623DF8E00E26F6A /* OffscreenRenderTarget.cpp in Sources */ = {isa = PBXBuildFile; fileRef = AFA7BCA51623DF8E00E26F6A /* OffscreenRenderTarget.cpp */; };
		AFA7BCCC1623DF8E00E26F6A /* RenderBuffer.cpp in Sources */ = {isa = PBXBuildFile; fileRef = AFA7BCA71623DF8E00E26F6A /* RenderBuffer.cpp */; };
		AFA7BCCD1623DF8E00E26F6A /* Shader.cpp in Sources */ = {isa = PBXBuildFile; fileRef = AFA7BCAA1623DF8E00E26F6A /* Shader.cpp */; };
		AFA7BCCE1623DF8E00E26F6A /* Texture.cpp in Sources */ = {isa = PBXBuildFile; fileRef = AFA7BCAC1623DF8E00E26F6A /* Texture.cpp */; };
		AFA7BCCF1623DF8E00E26F6A /* TextureCubeMap.cpp in Sources */ = {isa = PBXBuildFile; fileRef = AFA7BCAE1623DF8E00E26F6A /* TextureCubeMap.cpp */; };
		AFA7BCD01623DF8E00E26F6A /* CacheResourceManager.cpp in Sources */ = {isa = PBXBuildFile; fileRef = AFA7BCB21623DF8E00E26F6A /* CacheResourceManager.cpp */; };
		AFA7BCD11623DF8E00E26F6A /* FilePath.cpp in Sources */ = {isa = PBXBuildFile; fileRef = AFA7BCB51623DF8E00E26F6A /* FilePath.cpp */; };
		AFA7BCE61623E35E00E26F6A /* Default-568h@2x.png in Resources */ = {isa = PBXBuildFile; fileRef = AFA7BCDD1623E35E00E26F6A /* Default-568h@2x.png */; };
		AFA7BCE71623E35E00E26F6A /* axe.jpg in Resources */ = {isa = PBXBuildFile; fileRef = AFA7BCDF1623E35E00E26F6A /* axe.jpg */; };
		AFA7BCE81623E35E00E26F6A /* dwarf.jpg in Resources */ = {isa = PBXBuildFile; fileRef = AFA7BCE01623E35E00E26F6A /* dwarf.jpg */; };
		AFA7BCE91623E35E00E26F6A /* dwarf.x in Resources */ = {isa = PBXBuildFile; fileRef = AFA7BCE11623E35E00E26F6A /* dwarf.x */; };
		AFA7BCEA1623E35E00E26F6A /* dwarf2.jpg in Resources */ = {isa = PBXBuildFile; fileRef = AFA7BCE21623E35E00E26F6A /* dwarf2.jpg */; };
		AFA7BCED1623E37300E26F6A /* GpuSkinnig.fsh in Resources */ = {isa = PBXBuildFile; fileRef = AFA7BCE41623E35E00E26F6A /* GpuSkinnig.fsh */; };
		AFA7BCEE1623E37300E26F6A /* GpuSkinnig.vsh in Resources */ = {isa = PBXBuildFile; fileRef = AFA7BCE51623E35E00E26F6A /* GpuSkinnig.vsh */; };
		AFC25E921605DFFA00E07856 /* libz.dylib in Frameworks */ = {isa = PBXBuildFile; fileRef = AFC25E911605DFF700E07856 /* libz.dylib */; };
/* End PBXBuildFile section */

/* Begin PBXFileReference section */
		1D6058910D05DD3D006BFB54 /* gpuSkinning.app */ = {isa = PBXFileReference; explicitFileType = wrapper.application; includeInIndex = 0; path = gpuSkinning.app; sourceTree = BUILT_PRODUCTS_DIR; };
		28AD733E0D9D9553002E5188 /* MainWindow.xib */ = {isa = PBXFileReference; lastKnownFileType = file.xib; path = MainWindow.xib; sourceTree = "<group>"; };
		29B97316FDCFA39411CA2CEA /* main.m */ = {isa = PBXFileReference; fileEncoding = 4; lastKnownFileType = sourcecode.c.objc; path = main.m; sourceTree = "<group>"; };
		32CA4F630368D1EE00C91783 /* vvision_Prefix.pch */ = {isa = PBXFileReference; fileEncoding = 4; lastKnownFileType = sourcecode.c.h; path = vvision_Prefix.pch; sourceTree = "<group>"; };
		8D1107310486CEB800E47090 /* vvision-Info.plist */ = {isa = PBXFileReference; fileEncoding = 4; lastKnownFileType = text.plist.xml; path = "vvision-Info.plist"; plistStructureDefinitionIdentifier = "com.apple.xcode.plist.structure-definition.iphone.info-plist"; sourceTree = "<group>"; };
		AF1CCBFC1621F7A500ECF03E /* AnimatedMeshEntity.cpp */ = {isa = PBXFileReference; fileEncoding = 4; lastKnownFileType = sourcecode.cpp.cpp; path = AnimatedMeshEntity.cpp; sourceTree = "<group>"; };
		AF1CCBFD1621F7A500ECF03E /* AnimatedMeshEntity.h */ = {isa = PBXFileReference; fileEncoding = 4; lastKnownFileType = sourcecode.c.h; path = AnimatedMeshEntity.h; sourceTree = "<group>"; };
		AF1CCBFE1621F7A500ECF03E /* CameraEntity.cpp */ = {isa = PBXFileReference; fileEncoding = 4; lastKnownFileType = sourcecode.cpp.cpp; path = CameraEntity.cpp; sourceTree = "<group>"; };
		AF1CCBFF1621F7A500ECF03E /* CameraEntity.h */ = {isa = PBXFileReference; fileEncoding = 4; lastKnownFileType = sourcecode.c.h; path = CameraEntity.h; sourceTree = "<group>"; };
		AF1CCC0E1621F7C500ECF03E /* Tutorial.cpp */ = {isa = PBXFileReference; fileEncoding = 4; lastKnownFileType = sourcecode.cpp.cpp; path = Tutorial.cpp; sourceTree = "<group>"; };
		AF1CCC0F1621F7C600ECF03E /* Tutorial.h */ = {isa = PBXFileReference; fileEncoding = 4; lastKnownFileType = sourcecode.c.h; path = Tutorial.h; sourceTree = "<group>"; };
		AF5D838412C29C5F00E6E5E2 /* QuartzCore.framework */ = {isa = PBXFileReference; lastKnownFileType = wrapper.framework; name = QuartzCore.framework; path = System/Library/Frameworks/QuartzCore.framework; sourceTree = SDKROOT; };
		AF5D838812C29CB200E6E5E2 /* AssetsLibrary.framework */ = {isa = PBXFileReference; lastKnownFileType = wrapper.framework; name = AssetsLibrary.framework; path = System/Library/Frameworks/AssetsLibrary.framework; sourceTree = SDKROOT; };
		AF5D838A12C29CB200E6E5E2 /* AudioToolbox.framework */ = {isa = PBXFileReference; lastKnownFileType = wrapper.framework; name = AudioToolbox.framework; path = System/Library/Frameworks/AudioToolbox.framework; sourceTree = SDKROOT; };
		AF5D838C12C29CB200E6E5E2 /* AVFoundation.framework */ = {isa = PBXFileReference; lastKnownFileType = wrapper.framework; name = AVFoundation.framework; path = System/Library/Frameworks/AVFoundation.framework; sourceTree = SDKROOT; };
		AF5D838E12C29CB200E6E5E2 /* CoreGraphics.framework */ = {isa = PBXFileReference; lastKnownFileType = wrapper.framework; name = CoreGraphics.framework; path = System/Library/Frameworks/CoreGraphics.framework; sourceTree = SDKROOT; };
		AF5D839012C29CB200E6E5E2 /* CoreMedia.framework */ = {isa = PBXFileReference; lastKnownFileType = wrapper.framework; name = CoreMedia.framework; path = System/Library/Frameworks/CoreMedia.framework; sourceTree = SDKROOT; };
		AF5D839212C29CB200E6E5E2 /* CoreVideo.framework */ = {isa = PBXFileReference; lastKnownFileType = wrapper.framework; name = CoreVideo.framework; path = System/Library/Frameworks/CoreVideo.framework; sourceTree = SDKROOT; };
		AF5D839412C29CB200E6E5E2 /* Foundation.framework */ = {isa = PBXFileReference; lastKnownFileType = wrapper.framework; name = Foundation.framework; path = System/Library/Frameworks/Foundation.framework; sourceTree = SDKROOT; };
		AF5D839612C29CB200E6E5E2 /* OpenGLES.framework */ = {isa = PBXFileReference; lastKnownFileType = wrapper.framework; name = OpenGLES.framework; path = System/Library/Frameworks/OpenGLES.framework; sourceTree = SDKROOT; };
		AF5D839812C29CB200E6E5E2 /* UIKit.framework */ = {isa = PBXFileReference; lastKnownFileType = wrapper.framework; name = UIKit.framework; path = System/Library/Frameworks/UIKit.framework; sourceTree = SDKROOT; };
		AF6C77BE1616821D00D9E107 /* vvisionAppDelegate.h */ = {isa = PBXFileReference; fileEncoding = 4; lastKnownFileType = sourcecode.c.h; path = vvisionAppDelegate.h; sourceTree = "<group>"; };
		AF6C77BF1616821D00D9E107 /* vvisionAppDelegate.mm */ = {isa = PBXFileReference; fileEncoding = 4; lastKnownFileType = sourcecode.cpp.objcpp; path = vvisionAppDelegate.mm; sourceTree = "<group>"; };
		AF6C77C01616821D00D9E107 /* vvisionViewController.h */ = {isa = PBXFileReference; fileEncoding = 4; lastKnownFileType = sourcecode.c.h; path = vvisionViewController.h; sourceTree = "<group>"; };
		AF6C77C11616821D00D9E107 /* vvisionViewController.mm */ = {isa = PBXFileReference; fileEncoding = 4; lastKnownFileType = sourcecode.cpp.objcpp; path = vvisionViewController.mm; sourceTree = "<group>"; };
		AF6C77C21616821D00D9E107 /* vvisionViewController.xib */ = {isa = PBXFileReference; fileEncoding = 4; lastKnownFileType = file.xib; path = vvisionViewController.xib; sourceTree = "<group>"; };
		AF6C7874161689C000D9E107 /* icon.png */ = {isa = PBXFileReference; lastKnownFileType = image.png; name = icon.png; path = Resources/icon.png; sourceTree = "<group>"; };
		AF900E9A16222007000ECD36 /* GPUManager.h */ = {isa = PBXFileReference; fileEncoding = 4; lastKnownFileType = sourcecode.c.h; path = GPUManager.h; sourceTree = "<group>"; };
		AF900E9B16222007000ECD36 /* GPUManager.mm */ = {isa = PBXFileReference; fileEncoding = 4; lastKnownFileType = sourcecode.cpp.objcpp; path = GPUManager.mm; sourceTree = "<group>"; };
		AFA7BC621623DF8E00E26F6A /* aiAnim.h */ = {isa = PBXFileReference; fileEncoding = 4; lastKnownFileType = sourcecode.c.h; path = aiAnim.h; sourceTree = "<group>"; };
		AFA7BC631623DF8E00E26F6A /* aiAssert.h */ = {isa = PBXFileReference; fileEncoding = 4; lastKnownFileType = sourcecode.c.h; path = aiAssert.h; sourceTree = "<group>"; };
		AFA7BC641623DF8E00E26F6A /* aiCamera.h */ = {isa = PBXFileReference; fileEncoding = 4; lastKnownFileType = sourcecode.c.h; path = aiCamera.h; sourceTree = "<group>"; };
		AFA7BC651623DF8E00E26F6A /* aiColor4D.h */ = {isa = PBXFileReference; fileEncoding = 4; lastKnownFileType = sourcecode.c.h; path = aiColor4D.h; sourceTree = "<group>"; };
		AFA7BC661623DF8E00E26F6A /* aiColor4D.inl */ = {isa = PBXFileReference; fileEncoding = 4; lastKnownFileType = text; path = aiColor4D.inl; sourceTree = "<group>"; };
		AFA7BC671623DF8E00E26F6A /* aiConfig.h */ = {isa = PBXFileReference; fileEncoding = 4; lastKnownFileType = sourcecode.c.h; path = aiConfig.h; sourceTree = "<group>"; };
		AFA7BC681623DF8E00E26F6A /* aiDefines.h */ = {isa = PBXFileReference; fileEncoding = 4; lastKnownFileType = sourcecode.c.h; path = aiDefines.h; sourceTree = "<group>"; };
		AFA7BC691623DF8E00E26F6A /* aiFileIO.h */ = {isa = PBXFileReference; fileEncoding = 4; lastKnownFileType = sourcecode.c.h; path = aiFileIO.h; sourceTree = "<group>"; };
		AFA7BC6A1623DF8E00E26F6A /* aiLight.h */ = {isa = PBXFileReference; fileEncoding = 4; lastKnownFileType = sourcecode.c.h; path = aiLight.h; sourceTree = "<group>"; };
		AFA7BC6B1623DF8E00E26F6A /* aiMaterial.h */ = {isa = PBXFileReference; fileEncoding = 4; lastKnownFileType = sourcecode.c.h; path = aiMaterial.h; sourceTree = "<group>"; };
		AFA7BC6C1623DF8E00E26F6A /* aiMaterial.inl */ = {isa = PBXFileReference; fileEncoding = 4; lastKnownFileType = text; path = aiMaterial.inl; sourceTree = "<group>"; };
		AFA7BC6D1623DF8E00E26F6A /* aiMatrix3x3.h */ = {isa = PBXFileReference; fileEncoding = 4; lastKnownFileType = sourcecode.c.h; path = aiMatrix3x3.h; sourceTree = "<group>"; };
		AFA7BC6E1623DF8E00E26F6A /* aiMatrix3x3.inl */ = {isa = PBXFileReference; fileEncoding = 4; lastKnownFileType = text; path = aiMatrix3x3.inl; sourceTree = "<group>"; };
		AFA7BC6F1623DF8E00E26F6A /* aiMatrix4x4.h */ = {isa = PBXFileReference; fileEncoding = 4; lastKnownFileType = sourcecode.c.h; path = aiMatrix4x4.h; sourceTree = "<group>"; };
		AFA7BC701623DF8E00E26F6A /* aiMatrix4x4.inl */ = {isa = PBXFileReference; fileEncoding = 4; lastKnownFileType = text; path = aiMatrix4x4.inl; sourceTree = "<group>"; };
		AFA7BC711623DF8E00E26F6A /* aiMesh.h */ = {isa = PBXFileReference; fileEncoding = 4; lastKnownFileType = sourcecode.c.h; path = aiMesh.h; sourceTree = "<group>"; };
		AFA7BC721623DF8E00E26F6A /* aiPostProcess.h */ = {isa = PBXFileReference; fileEncoding = 4; lastKnownFileType = sourcecode.c.h; path = aiPostProcess.h; sourceTree = "<group>"; };
		AFA7BC731623DF8E00E26F6A /* aiQuaternion.h */ = {isa = PBXFileReference; fileEncoding = 4; lastKnownFileType = sourcecode.c.h; path = aiQuaternion.h; sourceTree = "<group>"; };
		AFA7BC741623DF8E00E26F6A /* aiScene.h */ = {isa = PBXFileReference; fileEncoding = 4; lastKnownFileType = sourcecode.c.h; path = aiScene.h; sourceTree = "<group>"; };
		AFA7BC751623DF8E00E26F6A /* aiTexture.h */ = {isa = PBXFileReference; fileEncoding = 4; lastKnownFileType = sourcecode.c.h; path = aiTexture.h; sourceTree = "<group>"; };
		AFA7BC761623DF8E00E26F6A /* aiTypes.h */ = {isa = PBXFileReference; fileEncoding = 4; lastKnownFileType = sourcecode.c.h; path = aiTypes.h; sourceTree = "<group>"; };
		AFA7BC771623DF8E00E26F6A /* aiVector2D.h */ = {isa = PBXFileReference; fileEncoding = 4; lastKnownFileType = sourcecode.c.h; path = aiVector2D.h; sourceTree = "<group>"; };
		AFA7BC781623DF8E00E26F6A /* aiVector3D.h */ = {isa = PBXFileReference; fileEncoding = 4; lastKnownFileType = sourcecode.c.h; path = aiVector3D.h; sourceTree = "<group>"; };
		AFA7BC791623DF8E00E26F6A /* aiVector3D.inl */ = {isa = PBXFileReference; fileEncoding = 4; lastKnownFileType = text; path = aiVector3D.inl; sourceTree = "<group>"; };
		AFA7BC7A1623DF8E00E26F6A /* aiVersion.h */ = {isa = PBXFileReference; fileEncoding = 4; lastKnownFileType = sourcecode.c.h; path = aiVersion.h; sourceTree = "<group>"; };
		AFA7BC7B1623DF8E00E26F6A /* assimp.h */ = {isa = PBXFileReference; fileEncoding = 4; lastKnownFileType = sourcecode.c.h; path = assimp.h; sourceTree = "<group>"; };
		AFA7BC7C1623DF8E00E26F6A /* assimp.hpp */ = {isa = PBXFileReference; fileEncoding = 4; lastKnownFileType = sourcecode.cpp.h; path = assimp.hpp; sourceTree = "<group>"; };
		AFA7BC7E1623DF8E00E26F6A /* poppack1.h */ = {isa = PBXFileReference; fileEncoding = 4; lastKnownFileType = sourcecode.c.h; path = poppack1.h; sourceTree = "<group>"; };
		AFA7BC7F1623DF8E00E26F6A /* pushpack1.h */ = {isa = PBXFileReference; fileEncoding = 4; lastKnownFileType = sourcecode.c.h; path = pushpack1.h; sourceTree = "<group>"; };
		AFA7BC801623DF8E00E26F6A /* DefaultLogger.h */ = {isa = PBXFileReference; fileEncoding = 4; lastKnownFileType = sourcecode.c.h; path = DefaultLogger.h; sourceTree = "<group>"; };
		AFA7BC811623DF8E00E26F6A /* export.h */ = {isa = PBXFileReference; fileEncoding = 4; lastKnownFileType = sourcecode.c.h; path = export.h; sourceTree = "<group>"; };
		AFA7BC821623DF8E00E26F6A /* export.hpp */ = {isa = PBXFileReference; fileEncoding = 4; lastKnownFileType = sourcecode.cpp.h; path = export.hpp; sourceTree = "<group>"; };
		AFA7BC831623DF8E00E26F6A /* IOStream.h */ = {isa = PBXFileReference; fileEncoding = 4; lastKnownFileType = sourcecode.c.h; path = IOStream.h; sourceTree = "<group>"; };
		AFA7BC841623DF8E00E26F6A /* IOSystem.h */ = {isa = PBXFileReference; fileEncoding = 4; lastKnownFileType = sourcecode.c.h; path = IOSystem.h; sourceTree = "<group>"; };
		AFA7BC851623DF8E00E26F6A /* Logger.h */ = {isa = PBXFileReference; fileEncoding = 4; lastKnownFileType = sourcecode.c.h; path = Logger.h; sourceTree = "<group>"; };
		AFA7BC861623DF8E00E26F6A /* LogStream.h */ = {isa = PBXFileReference; fileEncoding = 4; lastKnownFileType = sourcecode.c.h; path = LogStream.h; sourceTree = "<group>"; };
		AFA7BC871623DF8E00E26F6A /* NullLogger.h */ = {isa = PBXFileReference; fileEncoding = 4; lastKnownFileType = sourcecode.c.h; path = NullLogger.h; sourceTree = "<group>"; };
		AFA7BC881623DF8E00E26F6A /* ProgressHandler.h */ = {isa = PBXFileReference; fileEncoding = 4; lastKnownFileType = sourcecode.c.h; path = ProgressHandler.h; sourceTree = "<group>"; };
		AFA7BC8B1623DF8E00E26F6A /* libassimp.a */ = {isa = PBXFileReference; lastKnownFileType = archive.ar; path = libassimp.a; sourceTree = "<group>"; };
		AFA7BC8D1623DF8E00E26F6A /* libassimpi386.a */ = {isa = PBXFileReference; lastKnownFileType = archive.ar; path = libassimpi386.a; sourceTree = "<group>"; };
		AFA7BC8F1623DF8E00E26F6A /* EAGLView.h */ = {isa = PBXFileReference; fileEncoding = 4; lastKnownFileType = sourcecode.c.h; path = EAGLView.h; sourceTree = "<group>"; };
		AFA7BC901623DF8E00E26F6A /* EAGLView.m */ = {isa = PBXFileReference; fileEncoding = 4; lastKnownFileType = sourcecode.c.objc; path = EAGLView.m; sourceTree = "<group>"; };
		AFA7BC921623DF8E00E26F6A /* BoundingBox.h */ = {isa = PBXFileReference; fileEncoding = 4; lastKnownFileType = sourcecode.c.h; path = BoundingBox.h; sourceTree = "<group>"; };
		AFA7BC931623DF8E00E26F6A /* vmath.cpp */ = {isa = PBXFileReference; fileEncoding = 4; lastKnownFileType = sourcecode.cpp.cpp; path = vmath.cpp; sourceTree = "<group>"; };
		AFA7BC941623DF8E00E26F6A /* vmath.h */ = {isa = PBXFileReference; fileEncoding = 4; lastKnownFileType = sourcecode.c.h; path = vmath.h; sourceTree = "<group>"; };
		AFA7BC971623DF8E00E26F6A /* AssimpAnimEvaluator.cpp */ = {isa = PBXFileReference; fileEncoding = 4; lastKnownFileType = sourcecode.cpp.cpp; path = AssimpAnimEvaluator.cpp; sourceTree = "<group>"; };
		AFA7BC981623DF8E00E26F6A /* AssimpAnimEvaluator.h */ = {isa = PBXFileReference; fileEncoding = 4; lastKnownFileType = sourcecode.c.h; path = AssimpAnimEvaluator.h; sourceTree = "<group>"; };
		AFA7BC991623DF8E00E26F6A /* AssimpSceneAnimator.cpp */ = {isa = PBXFileReference; fileEncoding = 4; lastKnownFileType = sourcecode.cpp.cpp; path = AssimpSceneAnimator.cpp; sourceTree = "<group>"; };
		AFA7BC9A1623DF8E00E26F6A /* AssimpSceneAnimator.h */ = {isa = PBXFileReference; fileEncoding = 4; lastKnownFileType = sourcecode.c.h; path = AssimpSceneAnimator.h; sourceTree = "<group>"; };
		AFA7BC9B1623DF8E00E26F6A /* AssimpMesh.cpp */ = {isa = PBXFileReference; fileEncoding = 4; lastKnownFileType = sourcecode.cpp.cpp; path = AssimpMesh.cpp; sourceTree = "<group>"; };
		AFA7BC9C1623DF8E00E26F6A /* AssimpMesh.h */ = {isa = PBXFileReference; fileEncoding = 4; lastKnownFileType = sourcecode.c.h; path = AssimpMesh.h; sourceTree = "<group>"; };
		AFA7BC9D1623DF8E00E26F6A /* Mesh.cpp */ = {isa = PBXFileReference; fileEncoding = 4; lastKnownFileType = sourcecode.cpp.cpp; path = Mesh.cpp; sourceTree = "<group>"; };
		AFA7BC9E1623DF8E00E26F6A /* Mesh.h */ = {isa = PBXFileReference; fileEncoding = 4; lastKnownFileType = sourcecode.c.h; path = Mesh.h; sourceTree = "<group>"; };
		AFA7BCA01623DF8E00E26F6A /* FrameBufferObject.cpp */ = {isa = PBXFileReference; fileEncoding = 4; lastKnownFileType = sourcecode.cpp.cpp; path = FrameBufferObject.cpp; sourceTree = "<group>"; };
		AFA7BCA11623DF8E00E26F6A /* FrameBufferObject.h */ = {isa = PBXFileReference; fileEncoding = 4; lastKnownFileType = sourcecode.c.h; path = FrameBufferObject.h; sourceTree = "<group>"; };
		AFA7BCA21623DF8E00E26F6A /* Material.h */ = {isa = PBXFileReference; fileEncoding = 4; lastKnownFileType = sourcecode.c.h; path = Material.h; sourceTree = "<group>"; };
		AFA7BCA31623DF8E00E26F6A /* MeshBuffer.cpp */ = {isa = PBXFileReference; fileEncoding = 4; lastKnownFileType = sourcecode.cpp.cpp; path = MeshBuffer.cpp; sourceTree = "<group>"; };
		AFA7BCA41623DF8E00E26F6A /* MeshBuffer.h */ = {isa = PBXFileReference; fileEncoding = 4; lastKnownFileType = sourcecode.c.h; path = MeshBuffer.h; sourceTree = "<group>"; };
		AFA7BCA51623DF8E00E26F6A /* OffscreenRenderTarget.cpp */ = {isa = PBXFileReference; fileEncoding = 4; lastKnownFileType = sourcecode.cpp.cpp; path = OffscreenRenderTarget.cpp; sourceTree = "<group>"; };
		AFA7BCA61623DF8E00E26F6A /* OffscreenRenderTarget.h */ = {isa = PBXFileReference; fileEncoding = 4; lastKnownFileType = sourcecode.c.h; path = OffscreenRenderTarget.h; sourceTree = "<group>"; };
		AFA7BCA71623DF8E00E26F6A /* RenderBuffer.cpp */ = {isa = PBXFileReference; fileEncoding = 4; lastKnownFileType = sourcecode.cpp.cpp; path = RenderBuffer.cpp; sourceTree = "<group>"; };
		AFA7BCA81623DF8E00E26F6A /* RenderBuffer.h */ = {isa = PBXFileReference; fileEncoding = 4; lastKnownFileType = sourcecode.c.h; path = RenderBuffer.h; sourceTree = "<group>"; };
		AFA7BCA91623DF8E00E26F6A /* renderer.h */ = {isa = PBXFileReference; fileEncoding = 4; lastKnownFileType = sourcecode.c.h; path = renderer.h; sourceTree = "<group>"; };
		AFA7BCAA1623DF8E00E26F6A /* Shader.cpp */ = {isa = PBXFileReference; fileEncoding = 4; lastKnownFileType = sourcecode.cpp.cpp; path = Shader.cpp; sourceTree = "<group>"; };
		AFA7BCAB1623DF8E00E26F6A /* Shader.h */ = {isa = PBXFileReference; fileEncoding = 4; lastKnownFileType = sourcecode.c.h; path = Shader.h; sourceTree = "<group>"; };
		AFA7BCAC1623DF8E00E26F6A /* Texture.cpp */ = {isa = PBXFileReference; fileEncoding = 4; lastKnownFileType = sourcecode.cpp.cpp; path = Texture.cpp; sourceTree = "<group>"; };
		AFA7BCAD1623DF8E00E26F6A /* Texture.h */ = {isa = PBXFileReference; fileEncoding = 4; lastKnownFileType = sourcecode.c.h; path = Texture.h; sourceTree = "<group>"; };
		AFA7BCAE1623DF8E00E26F6A /* TextureCubeMap.cpp */ = {isa = PBXFileReference; fileEncoding = 4; lastKnownFileType = sourcecode.cpp.cpp; path = TextureCubeMap.cpp; sourceTree = "<group>"; };
		AFA7BCAF1623DF8E00E26F6A /* TextureCubeMap.h */ = {isa = PBXFileReference; fileEncoding = 4; lastKnownFileType = sourcecode.c.h; path = TextureCubeMap.h; sourceTree = "<group>"; };
		AFA7BCB01623DF8E00E26F6A /* VertexBuffer.h */ = {isa = PBXFileReference; fileEncoding = 4; lastKnownFileType = sourcecode.c.h; path = VertexBuffer.h; sourceTree = "<group>"; };
		AFA7BCB21623DF8E00E26F6A /* CacheResourceManager.cpp */ = {isa = PBXFileReference; fileEncoding = 4; lastKnownFileType = sourcecode.cpp.cpp; path = CacheResourceManager.cpp; sourceTree = "<group>"; };
		AFA7BCB31623DF8E00E26F6A /* CacheResourceManager.h */ = {isa = PBXFileReference; fileEncoding = 4; lastKnownFileType = sourcecode.c.h; path = CacheResourceManager.h; sourceTree = "<group>"; };
		AFA7BCB51623DF8E00E26F6A /* FilePath.cpp */ = {isa = PBXFileReference; fileEncoding = 4; lastKnownFileType = sourcecode.cpp.cpp; path = FilePath.cpp; sourceTree = "<group>"; };
		AFA7BCB61623DF8E00E26F6A /* FilePath.h */ = {isa = PBXFileReference; fileEncoding = 4; lastKnownFileType = sourcecode.c.h; path = FilePath.h; sourceTree = "<group>"; };
		AFA7BCB71623DF8E00E26F6A /* Helpers.h */ = {isa = PBXFileReference; fileEncoding = 4; lastKnownFileType = sourcecode.c.h; path = Helpers.h; sourceTree = "<group>"; };
		AFA7BCB81623DF8E00E26F6A /* Singleton.h */ = {isa = PBXFileReference; fileEncoding = 4; lastKnownFileType = sourcecode.c.h; path = Singleton.h; sourceTree = "<group>"; };
		AFA7BCB91623DF8E00E26F6A /* types.h */ = {isa = PBXFileReference; fileEncoding = 4; lastKnownFileType = sourcecode.c.h; path = types.h; sourceTree = "<group>"; };
		AFA7BCBA1623DF8E00E26F6A /* Utils.h */ = {isa = PBXFileReference; fileEncoding = 4; lastKnownFileType = sourcecode.c.h; path = Utils.h; sourceTree = "<group>"; };
		AFA7BCBB1623DF8E00E26F6A /* vvision.h */ = {isa = PBXFileReference; fileEncoding = 4; lastKnownFileType = sourcecode.c.h; path = vvision.h; sourceTree = "<group>"; };
		AFA7BCDD1623E35E00E26F6A /* Default-568h@2x.png */ = {isa = PBXFileReference; lastKnownFileType = image.png; name = "Default-568h@2x.png"; path = "Resources/Default-568h@2x.png"; sourceTree = "<group>"; };
		AFA7BCDF1623E35E00E26F6A /* axe.jpg */ = {isa = PBXFileReference; lastKnownFileType = image.jpeg; path = axe.jpg; sourceTree = "<group>"; };
		AFA7BCE01623E35E00E26F6A /* dwarf.jpg */ = {isa = PBXFileReference; lastKnownFileType = image.jpeg; path = dwarf.jpg; sourceTree = "<group>"; };
		AFA7BCE11623E35E00E26F6A /* dwarf.x */ = {isa = PBXFileReference; fileEncoding = 4; lastKnownFileType = text; path = dwarf.x; sourceTree = "<group>"; };
		AFA7BCE21623E35E00E26F6A /* dwarf2.jpg */ = {isa = PBXFileReference; lastKnownFileType = image.jpeg; path = dwarf2.jpg; sourceTree = "<group>"; };
		AFA7BCE41623E35E00E26F6A /* GpuSkinnig.fsh */ = {isa = PBXFileReference; fileEncoding = 4; lastKnownFileType = sourcecode.glsl; path = GpuSkinnig.fsh; sourceTree = "<group>"; };
		AFA7BCE51623E35E00E26F6A /* GpuSkinnig.vsh */ = {isa = PBXFileReference; fileEncoding = 4; lastKnownFileType = sourcecode.glsl; path = GpuSkinnig.vsh; sourceTree = "<group>"; };
		AFC25E911605DFF700E07856 /* libz.dylib */ = {isa = PBXFileReference; lastKnownFileType = "compiled.mach-o.dylib"; name = libz.dylib; path = usr/lib/libz.dylib; sourceTree = SDKROOT; };
/* End PBXFileReference section */

/* Begin PBXFrameworksBuildPhase section */
		1D60588F0D05DD3D006BFB54 /* Frameworks */ = {
			isa = PBXFrameworksBuildPhase;
			buildActionMask = 2147483647;
			files = (
				AF6C7873161688D400D9E107 /* CoreGraphics.framework in Frameworks */,
				AF6C7872161688BF00D9E107 /* QuartzCore.framework in Frameworks */,
				AFC25E921605DFFA00E07856 /* libz.dylib in Frameworks */,
				AF5D839512C29CB200E6E5E2 /* Foundation.framework in Frameworks */,
				AF5D839712C29CB200E6E5E2 /* OpenGLES.framework in Frameworks */,
				AF5D839912C29CB200E6E5E2 /* UIKit.framework in Frameworks */,
				AFA7BCC11623DF8E00E26F6A /* libassimp.a in Frameworks */,
				AFA7BCC21623DF8E00E26F6A /* libassimpi386.a in Frameworks */,
			);
			runOnlyForDeploymentPostprocessing = 0;
		};
/* End PBXFrameworksBuildPhase section */

/* Begin PBXGroup section */
		080E96DDFE201D6D7F000001 /* Classes */ = {
			isa = PBXGroup;
			children = (
				AFA7BC5D1623DF8E00E26F6A /* engine */,
				AF6C77C61616824800D9E107 /* Core */,
				AF6C77BE1616821D00D9E107 /* vvisionAppDelegate.h */,
				AF6C77BF1616821D00D9E107 /* vvisionAppDelegate.mm */,
				AF6C77C01616821D00D9E107 /* vvisionViewController.h */,
				AF6C77C11616821D00D9E107 /* vvisionViewController.mm */,
				AF6C77C21616821D00D9E107 /* vvisionViewController.xib */,
				AF900E9A16222007000ECD36 /* GPUManager.h */,
				AF900E9B16222007000ECD36 /* GPUManager.mm */,
			);
			path = Classes;
			sourceTree = "<group>";
		};
		19C28FACFE9D520D11CA2CBB /* Products */ = {
			isa = PBXGroup;
			children = (
				1D6058910D05DD3D006BFB54 /* gpuSkinning.app */,
			);
			name = Products;
			sourceTree = "<group>";
		};
		29B97314FDCFA39411CA2CEA /* CustomTemplate */ = {
			isa = PBXGroup;
			children = (
				080E96DDFE201D6D7F000001 /* Classes */,
				29B97315FDCFA39411CA2CEA /* Other Sources */,
				29B97317FDCFA39411CA2CEA /* Resources */,
				29B97323FDCFA39411CA2CEA /* Frameworks */,
				19C28FACFE9D520D11CA2CBB /* Products */,
			);
			name = CustomTemplate;
			sourceTree = "<group>";
		};
		29B97315FDCFA39411CA2CEA /* Other Sources */ = {
			isa = PBXGroup;
			children = (
				32CA4F630368D1EE00C91783 /* vvision_Prefix.pch */,
				29B97316FDCFA39411CA2CEA /* main.m */,
			);
			name = "Other Sources";
			sourceTree = "<group>";
		};
		29B97317FDCFA39411CA2CEA /* Resources */ = {
			isa = PBXGroup;
			children = (
				AFA7BCDD1623E35E00E26F6A /* Default-568h@2x.png */,
				AFA7BCDE1623E35E00E26F6A /* dwarf */,
				AFA7BCE31623E35E00E26F6A /* Shaders */,
				AF6C7874161689C000D9E107 /* icon.png */,
				28AD733E0D9D9553002E5188 /* MainWindow.xib */,
				8D1107310486CEB800E47090 /* vvision-Info.plist */,
			);
			name = Resources;
			sourceTree = "<group>";
		};
		29B97323FDCFA39411CA2CEA /* Frameworks */ = {
			isa = PBXGroup;
			children = (
				AFC25E911605DFF700E07856 /* libz.dylib */,
				AF5D838412C29C5F00E6E5E2 /* QuartzCore.framework */,
				AF5D838812C29CB200E6E5E2 /* AssetsLibrary.framework */,
				AF5D838A12C29CB200E6E5E2 /* AudioToolbox.framework */,
				AF5D838C12C29CB200E6E5E2 /* AVFoundation.framework */,
				AF5D838E12C29CB200E6E5E2 /* CoreGraphics.framework */,
				AF5D839012C29CB200E6E5E2 /* CoreMedia.framework */,
				AF5D839212C29CB200E6E5E2 /* CoreVideo.framework */,
				AF5D839412C29CB200E6E5E2 /* Foundation.framework */,
				AF5D839612C29CB200E6E5E2 /* OpenGLES.framework */,
				AF5D839812C29CB200E6E5E2 /* UIKit.framework */,
			);
			name = Frameworks;
			sourceTree = "<group>";
		};
		AF1CCBFB1621F7A000ECF03E /* entities */ = {
			isa = PBXGroup;
			children = (
				AF1CCBFC1621F7A500ECF03E /* AnimatedMeshEntity.cpp */,
				AF1CCBFD1621F7A500ECF03E /* AnimatedMeshEntity.h */,
				AF1CCBFE1621F7A500ECF03E /* CameraEntity.cpp */,
				AF1CCBFF1621F7A500ECF03E /* CameraEntity.h */,
			);
			path = entities;
			sourceTree = "<group>";
		};
		AF6C77C61616824800D9E107 /* Core */ = {
			isa = PBXGroup;
			children = (
				AF1CCC0E1621F7C500ECF03E /* Tutorial.cpp */,
				AF1CCC0F1621F7C600ECF03E /* Tutorial.h */,
				AF1CCBFB1621F7A000ECF03E /* entities */,
			);
			path = Core;
			sourceTree = "<group>";
		};
		AFA7BC5D1623DF8E00E26F6A /* engine */ = {
			isa = PBXGroup;
			children = (
				AFA7BC5E1623DF8E00E26F6A /* vvision */,
			);
			name = engine;
			path = ../../engine;
			sourceTree = "<group>";
		};
		AFA7BC5E1623DF8E00E26F6A /* vvision */ = {
			isa = PBXGroup;
			children = (
				AFA7BC5F1623DF8E00E26F6A /* ext */,
				AFA7BC8E1623DF8E00E26F6A /* iOS */,
				AFA7BC911623DF8E00E26F6A /* Math */,
				AFA7BC951623DF8E00E26F6A /* MeshLoader */,
				AFA7BC9F1623DF8E00E26F6A /* Renderer */,
				AFA7BCB11623DF8E00E26F6A /* ResourceManager */,
				AFA7BCB41623DF8E00E26F6A /* Utils */,
				AFA7BCBB1623DF8E00E26F6A /* vvision.h */,
			);
			path = vvision;
			sourceTree = "<group>";
		};
		AFA7BC5F1623DF8E00E26F6A /* ext */ = {
			isa = PBXGroup;
			children = (
				AFA7BC601623DF8E00E26F6A /* assimp */,
			);
			path = ext;
			sourceTree = "<group>";
		};
		AFA7BC601623DF8E00E26F6A /* assimp */ = {
			isa = PBXGroup;
			children = (
				AFA7BC611623DF8E00E26F6A /* include */,
				AFA7BC891623DF8E00E26F6A /* lib */,
			);
			path = assimp;
			sourceTree = "<group>";
		};
		AFA7BC611623DF8E00E26F6A /* include */ = {
			isa = PBXGroup;
			children = (
				AFA7BC621623DF8E00E26F6A /* aiAnim.h */,
				AFA7BC631623DF8E00E26F6A /* aiAssert.h */,
				AFA7BC641623DF8E00E26F6A /* aiCamera.h */,
				AFA7BC651623DF8E00E26F6A /* aiColor4D.h */,
				AFA7BC661623DF8E00E26F6A /* aiColor4D.inl */,
				AFA7BC671623DF8E00E26F6A /* aiConfig.h */,
				AFA7BC681623DF8E00E26F6A /* aiDefines.h */,
				AFA7BC691623DF8E00E26F6A /* aiFileIO.h */,
				AFA7BC6A1623DF8E00E26F6A /* aiLight.h */,
				AFA7BC6B1623DF8E00E26F6A /* aiMaterial.h */,
				AFA7BC6C1623DF8E00E26F6A /* aiMaterial.inl */,
				AFA7BC6D1623DF8E00E26F6A /* aiMatrix3x3.h */,
				AFA7BC6E1623DF8E00E26F6A /* aiMatrix3x3.inl */,
				AFA7BC6F1623DF8E00E26F6A /* aiMatrix4x4.h */,
				AFA7BC701623DF8E00E26F6A /* aiMatrix4x4.inl */,
				AFA7BC711623DF8E00E26F6A /* aiMesh.h */,
				AFA7BC721623DF8E00E26F6A /* aiPostProcess.h */,
				AFA7BC731623DF8E00E26F6A /* aiQuaternion.h */,
				AFA7BC741623DF8E00E26F6A /* aiScene.h */,
				AFA7BC751623DF8E00E26F6A /* aiTexture.h */,
				AFA7BC761623DF8E00E26F6A /* aiTypes.h */,
				AFA7BC771623DF8E00E26F6A /* aiVector2D.h */,
				AFA7BC781623DF8E00E26F6A /* aiVector3D.h */,
				AFA7BC791623DF8E00E26F6A /* aiVector3D.inl */,
				AFA7BC7A1623DF8E00E26F6A /* aiVersion.h */,
				AFA7BC7B1623DF8E00E26F6A /* assimp.h */,
				AFA7BC7C1623DF8E00E26F6A /* assimp.hpp */,
				AFA7BC7D1623DF8E00E26F6A /* Compiler */,
				AFA7BC801623DF8E00E26F6A /* DefaultLogger.h */,
				AFA7BC811623DF8E00E26F6A /* export.h */,
				AFA7BC821623DF8E00E26F6A /* export.hpp */,
				AFA7BC831623DF8E00E26F6A /* IOStream.h */,
				AFA7BC841623DF8E00E26F6A /* IOSystem.h */,
				AFA7BC851623DF8E00E26F6A /* Logger.h */,
				AFA7BC861623DF8E00E26F6A /* LogStream.h */,
				AFA7BC871623DF8E00E26F6A /* NullLogger.h */,
				AFA7BC881623DF8E00E26F6A /* ProgressHandler.h */,
			);
			path = include;
			sourceTree = "<group>";
		};
		AFA7BC7D1623DF8E00E26F6A /* Compiler */ = {
			isa = PBXGroup;
			children = (
				AFA7BC7E1623DF8E00E26F6A /* poppack1.h */,
				AFA7BC7F1623DF8E00E26F6A /* pushpack1.h */,
			);
			path = Compiler;
			sourceTree = "<group>";
		};
		AFA7BC891623DF8E00E26F6A /* lib */ = {
			isa = PBXGroup;
			children = (
				AFA7BC8A1623DF8E00E26F6A /* ReleaseArmv7 */,
				AFA7BC8C1623DF8E00E26F6A /* ReleaseI386 */,
			);
			path = lib;
			sourceTree = "<group>";
		};
		AFA7BC8A1623DF8E00E26F6A /* ReleaseArmv7 */ = {
			isa = PBXGroup;
			children = (
				AFA7BC8B1623DF8E00E26F6A /* libassimp.a */,
			);
			path = ReleaseArmv7;
			sourceTree = "<group>";
		};
		AFA7BC8C1623DF8E00E26F6A /* ReleaseI386 */ = {
			isa = PBXGroup;
			children = (
				AFA7BC8D1623DF8E00E26F6A /* libassimpi386.a */,
			);
			path = ReleaseI386;
			sourceTree = "<group>";
		};
		AFA7BC8E1623DF8E00E26F6A /* iOS */ = {
			isa = PBXGroup;
			children = (
				AFA7BC8F1623DF8E00E26F6A /* EAGLView.h */,
				AFA7BC901623DF8E00E26F6A /* EAGLView.m */,
			);
			path = iOS;
			sourceTree = "<group>";
		};
		AFA7BC911623DF8E00E26F6A /* Math */ = {
			isa = PBXGroup;
			children = (
				AFA7BC921623DF8E00E26F6A /* BoundingBox.h */,
				AFA7BC931623DF8E00E26F6A /* vmath.cpp */,
				AFA7BC941623DF8E00E26F6A /* vmath.h */,
			);
			path = Math;
			sourceTree = "<group>";
		};
		AFA7BC951623DF8E00E26F6A /* MeshLoader */ = {
			isa = PBXGroup;
			children = (
				AFA7BC961623DF8E00E26F6A /* assimpMesh */,
				AFA7BC9B1623DF8E00E26F6A /* AssimpMesh.cpp */,
				AFA7BC9C1623DF8E00E26F6A /* AssimpMesh.h */,
				AFA7BC9D1623DF8E00E26F6A /* Mesh.cpp */,
				AFA7BC9E1623DF8E00E26F6A /* Mesh.h */,
			);
			path = MeshLoader;
			sourceTree = "<group>";
		};
		AFA7BC961623DF8E00E26F6A /* assimpMesh */ = {
			isa = PBXGroup;
			children = (
				AFA7BC971623DF8E00E26F6A /* AssimpAnimEvaluator.cpp */,
				AFA7BC981623DF8E00E26F6A /* AssimpAnimEvaluator.h */,
				AFA7BC991623DF8E00E26F6A /* AssimpSceneAnimator.cpp */,
				AFA7BC9A1623DF8E00E26F6A /* AssimpSceneAnimator.h */,
			);
			path = assimpMesh;
			sourceTree = "<group>";
		};
		AFA7BC9F1623DF8E00E26F6A /* Renderer */ = {
			isa = PBXGroup;
			children = (
				AFA7BCA01623DF8E00E26F6A /* FrameBufferObject.cpp */,
				AFA7BCA11623DF8E00E26F6A /* FrameBufferObject.h */,
				AFA7BCA21623DF8E00E26F6A /* Material.h */,
				AFA7BCA31623DF8E00E26F6A /* MeshBuffer.cpp */,
				AFA7BCA41623DF8E00E26F6A /* MeshBuffer.h */,
				AFA7BCA51623DF8E00E26F6A /* OffscreenRenderTarget.cpp */,
				AFA7BCA61623DF8E00E26F6A /* OffscreenRenderTarget.h */,
				AFA7BCA71623DF8E00E26F6A /* RenderBuffer.cpp */,
				AFA7BCA81623DF8E00E26F6A /* RenderBuffer.h */,
				AFA7BCA91623DF8E00E26F6A /* renderer.h */,
				AFA7BCAA1623DF8E00E26F6A /* Shader.cpp */,
				AFA7BCAB1623DF8E00E26F6A /* Shader.h */,
				AFA7BCAC1623DF8E00E26F6A /* Texture.cpp */,
				AFA7BCAD1623DF8E00E26F6A /* Texture.h */,
				AFA7BCAE1623DF8E00E26F6A /* TextureCubeMap.cpp */,
				AFA7BCAF1623DF8E00E26F6A /* TextureCubeMap.h */,
				AFA7BCB01623DF8E00E26F6A /* VertexBuffer.h */,
			);
			path = Renderer;
			sourceTree = "<group>";
		};
		AFA7BCB11623DF8E00E26F6A /* ResourceManager */ = {
			isa = PBXGroup;
			children = (
				AFA7BCB21623DF8E00E26F6A /* CacheResourceManager.cpp */,
				AFA7BCB31623DF8E00E26F6A /* CacheResourceManager.h */,
			);
			path = ResourceManager;
			sourceTree = "<group>";
		};
		AFA7BCB41623DF8E00E26F6A /* Utils */ = {
			isa = PBXGroup;
			children = (
				AFA7BCB51623DF8E00E26F6A /* FilePath.cpp */,
				AFA7BCB61623DF8E00E26F6A /* FilePath.h */,
				AFA7BCB71623DF8E00E26F6A /* Helpers.h */,
				AFA7BCB81623DF8E00E26F6A /* Singleton.h */,
				AFA7BCB91623DF8E00E26F6A /* types.h */,
				AFA7BCBA1623DF8E00E26F6A /* Utils.h */,
			);
			path = Utils;
			sourceTree = "<group>";
		};
		AFA7BCDE1623E35E00E26F6A /* dwarf */ = {
			isa = PBXGroup;
			children = (
				AFA7BCDF1623E35E00E26F6A /* axe.jpg */,
				AFA7BCE01623E35E00E26F6A /* dwarf.jpg */,
				AFA7BCE11623E35E00E26F6A /* dwarf.x */,
				AFA7BCE21623E35E00E26F6A /* dwarf2.jpg */,
			);
			name = dwarf;
			path = Resources/dwarf;
			sourceTree = "<group>";
		};
		AFA7BCE31623E35E00E26F6A /* Shaders */ = {
			isa = PBXGroup;
			children = (
				AFA7BCE41623E35E00E26F6A /* GpuSkinnig.fsh */,
				AFA7BCE51623E35E00E26F6A /* GpuSkinnig.vsh */,
			);
			name = Shaders;
			path = Resources/Shaders;
			sourceTree = "<group>";
		};
/* End PBXGroup section */

/* Begin PBXNativeTarget section */
		1D6058900D05DD3D006BFB54 /* vvision */ = {
			isa = PBXNativeTarget;
			buildConfigurationList = 1D6058960D05DD3E006BFB54 /* Build configuration list for PBXNativeTarget "vvision" */;
			buildPhases = (
				1D60588D0D05DD3D006BFB54 /* Resources */,
				1D60588E0D05DD3D006BFB54 /* Sources */,
				1D60588F0D05DD3D006BFB54 /* Frameworks */,
			);
			buildRules = (
			);
			dependencies = (
			);
			name = vvision;
			productName = RTeffects;
			productReference = 1D6058910D05DD3D006BFB54 /* gpuSkinning.app */;
			productType = "com.apple.product-type.application";
		};
/* End PBXNativeTarget section */

/* Begin PBXProject section */
		29B97313FDCFA39411CA2CEA /* Project object */ = {
			isa = PBXProject;
			attributes = {
				LastUpgradeCheck = 0450;
			};
			buildConfigurationList = C01FCF4E08A954540054247B /* Build configuration list for PBXProject "vvision" */;
			compatibilityVersion = "Xcode 3.2";
			developmentRegion = English;
			hasScannedForEncodings = 1;
			knownRegions = (
				English,
				Japanese,
				French,
				German,
			);
			mainGroup = 29B97314FDCFA39411CA2CEA /* CustomTemplate */;
			projectDirPath = "";
			projectRoot = "";
			targets = (
				1D6058900D05DD3D006BFB54 /* vvision */,
			);
		};
/* End PBXProject section */

/* Begin PBXResourcesBuildPhase section */
		1D60588D0D05DD3D006BFB54 /* Resources */ = {
			isa = PBXResourcesBuildPhase;
			buildActionMask = 2147483647;
			files = (
				AFA7BCED1623E37300E26F6A /* GpuSkinnig.fsh in Resources */,
				AFA7BCEE1623E37300E26F6A /* GpuSkinnig.vsh in Resources */,
				28AD733F0D9D9553002E5188 /* MainWindow.xib in Resources */,
				AF6C77C51616821D00D9E107 /* vvisionViewController.xib in Resources */,
				AF6C7875161689C000D9E107 /* icon.png in Resources */,
				AFA7BCBC1623DF8E00E26F6A /* aiColor4D.inl in Resources */,
				AFA7BCBD1623DF8E00E26F6A /* aiMaterial.inl in Resources */,
				AFA7BCBE1623DF8E00E26F6A /* aiMatrix3x3.inl in Resources */,
				AFA7BCBF1623DF8E00E26F6A /* aiMatrix4x4.inl in Resources */,
				AFA7BCC01623DF8E00E26F6A /* aiVector3D.inl in Resources */,
				AFA7BCE61623E35E00E26F6A /* Default-568h@2x.png in Resources */,
				AFA7BCE71623E35E00E26F6A /* axe.jpg in Resources */,
				AFA7BCE81623E35E00E26F6A /* dwarf.jpg in Resources */,
				AFA7BCE91623E35E00E26F6A /* dwarf.x in Resources */,
				AFA7BCEA1623E35E00E26F6A /* dwarf2.jpg in Resources */,
			);
			runOnlyForDeploymentPostprocessing = 0;
		};
/* End PBXResourcesBuildPhase section */

/* Begin PBXSourcesBuildPhase section */
		1D60588E0D05DD3D006BFB54 /* Sources */ = {
			isa = PBXSourcesBuildPhase;
			buildActionMask = 2147483647;
			files = (
				1D60589B0D05DD56006BFB54 /* main.m in Sources */,
				AF6C77C31616821D00D9E107 /* vvisionAppDelegate.mm in Sources */,
				AF6C77C41616821D00D9E107 /* vvisionViewController.mm in Sources */,
				AF1CCC081621F7A500ECF03E /* AnimatedMeshEntity.cpp in Sources */,
				AF1CCC091621F7A500ECF03E /* CameraEntity.cpp in Sources */,
				AF1CCC101621F7CA00ECF03E /* Tutorial.cpp in Sources */,
				AF900E9C16222007000ECD36 /* GPUManager.mm in Sources */,
				AFA7BCC31623DF8E00E26F6A /* EAGLView.m in Sources */,
				AFA7BCC41623DF8E00E26F6A /* vmath.cpp in Sources */,
				AFA7BCC51623DF8E00E26F6A /* AssimpAnimEvaluator.cpp in Sources */,
				AFA7BCC61623DF8E00E26F6A /* AssimpSceneAnimator.cpp in Sources */,
				AFA7BCC71623DF8E00E26F6A /* AssimpMesh.cpp in Sources */,
				AFA7BCC81623DF8E00E26F6A /* Mesh.cpp in Sources */,
				AFA7BCC91623DF8E00E26F6A /* FrameBufferObject.cpp in Sources */,
				AFA7BCCA1623DF8E00E26F6A /* MeshBuffer.cpp in Sources */,
				AFA7BCCB1623DF8E00E26F6A /* OffscreenRenderTarget.cpp in Sources */,
				AFA7BCCC1623DF8E00E26F6A /* RenderBuffer.cpp in Sources */,
				AFA7BCCD1623DF8E00E26F6A /* Shader.cpp in Sources */,
				AFA7BCCE1623DF8E00E26F6A /* Texture.cpp in Sources */,
				AFA7BCCF1623DF8E00E26F6A /* TextureCubeMap.cpp in Sources */,
				AFA7BCD01623DF8E00E26F6A /* CacheResourceManager.cpp in Sources */,
				AFA7BCD11623DF8E00E26F6A /* FilePath.cpp in Sources */,
			);
			runOnlyForDeploymentPostprocessing = 0;
		};
/* End PBXSourcesBuildPhase section */

/* Begin XCBuildConfiguration section */
		1D6058940D05DD3E006BFB54 /* Debug */ = {
			isa = XCBuildConfiguration;
			buildSettings = {
				ALWAYS_SEARCH_USER_PATHS = NO;
				ARCHS = "$(ARCHS_STANDARD_32_BIT)";
				CODE_SIGN_IDENTITY = "iPhone Developer";
				"CODE_SIGN_IDENTITY[sdk=iphoneos*]" = "iPhone Developer";
				COPY_PHASE_STRIP = NO;
				GCC_DYNAMIC_NO_PIC = NO;
				GCC_OPTIMIZATION_LEVEL = 0;
				GCC_PRECOMPILE_PREFIX_HEADER = YES;
				GCC_PREFIX_HEADER = vvision_Prefix.pch;
				GCC_THUMB_SUPPORT = NO;
				"GCC_THUMB_SUPPORT[arch=armv6]" = "";
				HEADER_SEARCH_PATHS = "";
				INFOPLIST_FILE = "vvision-Info.plist";
				LIBRARY_SEARCH_PATHS = (
					"$(inherited)",
					"\"$(SRCROOT)/../engine/vvision/ext/assimp/lib/ReleaseArmv7\"",
					"\"$(SRCROOT)/../engine/vvision/ext/assimp/lib/ReleaseI386\"",
				);
				PRODUCT_NAME = gpuSkinning;
				PROVISIONING_PROFILE = "";
				"PROVISIONING_PROFILE[sdk=iphoneos*]" = "";
				SDKROOT = iphoneos;
			};
			name = Debug;
		};
		1D6058950D05DD3E006BFB54 /* Release */ = {
			isa = XCBuildConfiguration;
			buildSettings = {
				ALWAYS_SEARCH_USER_PATHS = NO;
				ARCHS = "$(ARCHS_STANDARD_32_BIT)";
				CODE_SIGN_IDENTITY = "iPhone Developer";
				"CODE_SIGN_IDENTITY[sdk=iphoneos*]" = "iPhone Developer";
				COPY_PHASE_STRIP = YES;
				GCC_PRECOMPILE_PREFIX_HEADER = YES;
				GCC_PREFIX_HEADER = vvision_Prefix.pch;
				GCC_THUMB_SUPPORT = NO;
				"GCC_THUMB_SUPPORT[arch=armv6]" = "";
				HEADER_SEARCH_PATHS = "";
				INFOPLIST_FILE = "vvision-Info.plist";
				LIBRARY_SEARCH_PATHS = (
					"$(inherited)",
					"\"$(SRCROOT)/../engine/vvision/ext/assimp/lib/ReleaseArmv7\"",
					"\"$(SRCROOT)/../engine/vvision/ext/assimp/lib/ReleaseI386\"",
				);
				PRODUCT_NAME = gpuSkinning;
				PROVISIONING_PROFILE = "";
				"PROVISIONING_PROFILE[sdk=iphoneos*]" = "";
				SDKROOT = iphoneos;
				VALIDATE_PRODUCT = YES;
			};
			name = Release;
		};
		AF842AD51341193D0050EF53 /* Distribution */ = {
			isa = XCBuildConfiguration;
			buildSettings = {
				ARCHS = "$(ARCHS_STANDARD_32_BIT)";
				"CODE_SIGN_IDENTITY[sdk=iphoneos*]" = "iPhone Distribution: Abdallah Dib";
				GCC_C_LANGUAGE_STANDARD = c99;
				GCC_WARN_ABOUT_RETURN_TYPE = YES;
				GCC_WARN_UNUSED_VARIABLE = YES;
				IPHONEOS_DEPLOYMENT_TARGET = 4.3;
				OTHER_CFLAGS = "-DNS_BLOCK_ASSERTIONS=1";
				"PROVISIONING_PROFILE[sdk=iphoneos*]" = "FC6E3B8A-AB02-4307-B6EF-242A81521E06";
				SDKROOT = iphoneos;
			};
			name = Distribution;
		};
		AF842AD61341193D0050EF53 /* Distribution */ = {
			isa = XCBuildConfiguration;
			buildSettings = {
				ALWAYS_SEARCH_USER_PATHS = NO;
				ARCHS = "$(ARCHS_STANDARD_32_BIT)";
				CODE_SIGN_IDENTITY = "iPhone Developer";
				"CODE_SIGN_IDENTITY[sdk=iphoneos*]" = "iPhone Developer";
				COPY_PHASE_STRIP = YES;
				GCC_PRECOMPILE_PREFIX_HEADER = YES;
				GCC_PREFIX_HEADER = vvision_Prefix.pch;
				GCC_THUMB_SUPPORT = NO;
				"GCC_THUMB_SUPPORT[arch=armv6]" = "";
				HEADER_SEARCH_PATHS = "";
				INFOPLIST_FILE = "vvision-Info.plist";
				LIBRARY_SEARCH_PATHS = (
					"$(inherited)",
					"\"$(SRCROOT)/../engine/vvision/ext/assimp/lib/ReleaseArmv7\"",
					"\"$(SRCROOT)/../engine/vvision/ext/assimp/lib/ReleaseI386\"",
				);
				PRODUCT_NAME = gpuSkinning;
				PROVISIONING_PROFILE = "";
				"PROVISIONING_PROFILE[sdk=iphoneos*]" = "";
				SDKROOT = iphoneos;
				VALIDATE_PRODUCT = YES;
			};
			name = Distribution;
		};
		C01FCF4F08A954540054247B /* Debug */ = {
			isa = XCBuildConfiguration;
			buildSettings = {
				ARCHS = "$(ARCHS_STANDARD_32_BIT)";
				CODE_SIGN_IDENTITY = "iPhone Developer";
				"CODE_SIGN_IDENTITY[sdk=iphoneos*]" = "iPhone Developer";
				GCC_C_LANGUAGE_STANDARD = c99;
				GCC_PREPROCESSOR_DEFINITIONS = DEBUG;
				GCC_WARN_ABOUT_RETURN_TYPE = YES;
				GCC_WARN_UNUSED_VARIABLE = YES;
				IPHONEOS_DEPLOYMENT_TARGET = 4.3;
				PROVISIONING_PROFILE = "";
				SDKROOT = iphoneos;
			};
			name = Debug;
		};
		C01FCF5008A954540054247B /* Release */ = {
			isa = XCBuildConfiguration;
			buildSettings = {
				ARCHS = "$(ARCHS_STANDARD_32_BIT)";
				"CODE_SIGN_IDENTITY[sdk=iphoneos*]" = "iPhone Developer";
				GCC_C_LANGUAGE_STANDARD = c99;
				GCC_WARN_ABOUT_RETURN_TYPE = YES;
				GCC_WARN_UNUSED_VARIABLE = YES;
				IPHONEOS_DEPLOYMENT_TARGET = 4.3;
				OTHER_CFLAGS = "-DNS_BLOCK_ASSERTIONS=1";
				SDKROOT = iphoneos;
			};
			name = Release;
		};
/* End XCBuildConfiguration section */

/* Begin XCConfigurationList section */
		1D6058960D05DD3E006BFB54 /* Build configuration list for PBXNativeTarget "vvision" */ = {
			isa = XCConfigurationList;
			buildConfigurations = (
				1D6058940D05DD3E006BFB54 /* Debug */,
				1D6058950D05DD3E006BFB54 /* Release */,
				AF842AD61341193D0050EF53 /* Distribution */,
			);
			defaultConfigurationIsVisible = 0;
			defaultConfigurationName = Release;
		};
		C01FCF4E08A954540054247B /* Build configuration list for PBXProject "vvision" */ = {
			isa = XCConfigurationList;
			buildConfigurations = (
				C01FCF4F08A954540054247B /* Debug */,
				C01FCF5008A954540054247B /* Release */,
				AF842AD51341193D0050EF53 /* Distribution */,
			);
			defaultConfigurationIsVisible = 0;
			defaultConfigurationName = Release;
		};
/* End XCConfigurationList section */
	};
	rootObject = 29B97313FDCFA39411CA2CEA /* Project object */;
}
